// !$*UTF8*$!
{
	archiveVersion = 1;
	classes = {
	};
	objectVersion = 50;
	objects = {

/* Begin PBXBuildFile section */
		8B0B7E0E241200C300AD8FF9 /* ClassfieldsSections.swift in Sources */ = {isa = PBXBuildFile; fileRef = 8B0B7E0D241200C300AD8FF9 /* ClassfieldsSections.swift */; };
		8B0B7E11241201C500AD8FF9 /* EventBarItemViews.swift in Sources */ = {isa = PBXBuildFile; fileRef = 8B0B7E10241201C500AD8FF9 /* EventBarItemViews.swift */; };
		8B0FCB46241307BB005D862E /* ConcertCell.swift in Sources */ = {isa = PBXBuildFile; fileRef = 8B0FCB45241307BB005D862E /* ConcertCell.swift */; };
		8B0FCB48241307EB005D862E /* ArtCell.swift in Sources */ = {isa = PBXBuildFile; fileRef = 8B0FCB47241307EB005D862E /* ArtCell.swift */; };
		8B0FCB4A2413081B005D862E /* TheatreCell.swift in Sources */ = {isa = PBXBuildFile; fileRef = 8B0FCB492413081B005D862E /* TheatreCell.swift */; };
		8B0FCB4C24130851005D862E /* FamilyEventsCell.swift in Sources */ = {isa = PBXBuildFile; fileRef = 8B0FCB4B24130851005D862E /* FamilyEventsCell.swift */; };
		8B1532BF2413F91400112AEA /* MeBarItemsView.swift in Sources */ = {isa = PBXBuildFile; fileRef = 8B1532BE2413F91400112AEA /* MeBarItemsView.swift */; };
		8B1532C1241423BF00112AEA /* MeSelectiveItemView.swift in Sources */ = {isa = PBXBuildFile; fileRef = 8B1532C0241423BF00112AEA /* MeSelectiveItemView.swift */; };
		8B1532C324142E6E00112AEA /* MeSelectiveSection.swift in Sources */ = {isa = PBXBuildFile; fileRef = 8B1532C224142E6E00112AEA /* MeSelectiveSection.swift */; };
		8B1532C62414316A00112AEA /* MeCollectionCell.swift in Sources */ = {isa = PBXBuildFile; fileRef = 8B1532C52414316A00112AEA /* MeCollectionCell.swift */; };
		8B1532CA241453EF00112AEA /* MeFeedCell.swift in Sources */ = {isa = PBXBuildFile; fileRef = 8B1532C9241453EF00112AEA /* MeFeedCell.swift */; };
		8B4D2A852415CE1A003031DE /* Oswald-Regular.ttf in Resources */ = {isa = PBXBuildFile; fileRef = 8B4D2A842415CE1A003031DE /* Oswald-Regular.ttf */; };
		8B4D2A872415D034003031DE /* BZWelcomeScreen.swift in Sources */ = {isa = PBXBuildFile; fileRef = 8B4D2A862415D034003031DE /* BZWelcomeScreen.swift */; };
		8B4D2A892415D08C003031DE /* BZGradientLayer.swift in Sources */ = {isa = PBXBuildFile; fileRef = 8B4D2A882415D08C003031DE /* BZGradientLayer.swift */; };
		8B4D2A8C2415D1DA003031DE /* extension.swift in Sources */ = {isa = PBXBuildFile; fileRef = 8B4D2A8B2415D1DA003031DE /* extension.swift */; };
		8B4D2A8E2415D548003031DE /* BZLabel.swift in Sources */ = {isa = PBXBuildFile; fileRef = 8B4D2A8D2415D548003031DE /* BZLabel.swift */; };
		8B5771192411D3FF005EA86D /* AppDelegate.swift in Sources */ = {isa = PBXBuildFile; fileRef = 8B5771182411D3FF005EA86D /* AppDelegate.swift */; };
		8B57711B2411D3FF005EA86D /* SceneDelegate.swift in Sources */ = {isa = PBXBuildFile; fileRef = 8B57711A2411D3FF005EA86D /* SceneDelegate.swift */; };
		8B5771202411D3FF005EA86D /* Main.storyboard in Resources */ = {isa = PBXBuildFile; fileRef = 8B57711E2411D3FF005EA86D /* Main.storyboard */; };
		8B5771232411D3FF005EA86D /* BeeZConnect.xcdatamodeld in Sources */ = {isa = PBXBuildFile; fileRef = 8B5771212411D3FF005EA86D /* BeeZConnect.xcdatamodeld */; };
		8B5771252411D401005EA86D /* Assets.xcassets in Resources */ = {isa = PBXBuildFile; fileRef = 8B5771242411D401005EA86D /* Assets.xcassets */; };
		8B5771282411D401005EA86D /* LaunchScreen.storyboard in Resources */ = {isa = PBXBuildFile; fileRef = 8B5771262411D401005EA86D /* LaunchScreen.storyboard */; };
		8B5771302411E259005EA86D /* ClassfieldsController.swift in Sources */ = {isa = PBXBuildFile; fileRef = 8B57712F2411E259005EA86D /* ClassfieldsController.swift */; };
		8B6061662411EB3F0055D4EE /* TabBarController.swift in Sources */ = {isa = PBXBuildFile; fileRef = 8B6061652411EB3F0055D4EE /* TabBarController.swift */; };
		8B6061682411EDBB0055D4EE /* HomeController.swift in Sources */ = {isa = PBXBuildFile; fileRef = 8B6061672411EDBB0055D4EE /* HomeController.swift */; };
		8B60616A2411F0AF0055D4EE /* MeController.swift in Sources */ = {isa = PBXBuildFile; fileRef = 8B6061692411F0AF0055D4EE /* MeController.swift */; };
		8BB2FB0224130464001CEA00 /* BZBaseCell.swift in Sources */ = {isa = PBXBuildFile; fileRef = 8BB2FB0124130464001CEA00 /* BZBaseCell.swift */; };
		8BC7D9FF2412DAC50025D2A5 /* EeventItemsCell.swift in Sources */ = {isa = PBXBuildFile; fileRef = 8BC7D9FE2412DAC50025D2A5 /* EeventItemsCell.swift */; };
		8BC7DA022412F3BE0025D2A5 /* FeedCell.swift in Sources */ = {isa = PBXBuildFile; fileRef = 8BC7DA012412F3BE0025D2A5 /* FeedCell.swift */; };
/* End PBXBuildFile section */

/* Begin PBXFileReference section */
		8B0B7E0D241200C300AD8FF9 /* ClassfieldsSections.swift */ = {isa = PBXFileReference; lastKnownFileType = sourcecode.swift; path = ClassfieldsSections.swift; sourceTree = "<group>"; };
		8B0B7E10241201C500AD8FF9 /* EventBarItemViews.swift */ = {isa = PBXFileReference; lastKnownFileType = sourcecode.swift; path = EventBarItemViews.swift; sourceTree = "<group>"; };
		8B0FCB45241307BB005D862E /* ConcertCell.swift */ = {isa = PBXFileReference; lastKnownFileType = sourcecode.swift; path = ConcertCell.swift; sourceTree = "<group>"; };
		8B0FCB47241307EB005D862E /* ArtCell.swift */ = {isa = PBXFileReference; lastKnownFileType = sourcecode.swift; path = ArtCell.swift; sourceTree = "<group>"; };
		8B0FCB492413081B005D862E /* TheatreCell.swift */ = {isa = PBXFileReference; lastKnownFileType = sourcecode.swift; path = TheatreCell.swift; sourceTree = "<group>"; };
		8B0FCB4B24130851005D862E /* FamilyEventsCell.swift */ = {isa = PBXFileReference; lastKnownFileType = sourcecode.swift; path = FamilyEventsCell.swift; sourceTree = "<group>"; };
		8B1532BE2413F91400112AEA /* MeBarItemsView.swift */ = {isa = PBXFileReference; lastKnownFileType = sourcecode.swift; path = MeBarItemsView.swift; sourceTree = "<group>"; };
		8B1532C0241423BF00112AEA /* MeSelectiveItemView.swift */ = {isa = PBXFileReference; lastKnownFileType = sourcecode.swift; path = MeSelectiveItemView.swift; sourceTree = "<group>"; };
		8B1532C224142E6E00112AEA /* MeSelectiveSection.swift */ = {isa = PBXFileReference; lastKnownFileType = sourcecode.swift; path = MeSelectiveSection.swift; sourceTree = "<group>"; };
		8B1532C52414316A00112AEA /* MeCollectionCell.swift */ = {isa = PBXFileReference; lastKnownFileType = sourcecode.swift; path = MeCollectionCell.swift; sourceTree = "<group>"; };
		8B1532C9241453EF00112AEA /* MeFeedCell.swift */ = {isa = PBXFileReference; lastKnownFileType = sourcecode.swift; path = MeFeedCell.swift; sourceTree = "<group>"; };
		8B4D2A842415CE1A003031DE /* Oswald-Regular.ttf */ = {isa = PBXFileReference; lastKnownFileType = file; path = "Oswald-Regular.ttf"; sourceTree = "<group>"; };
		8B4D2A862415D034003031DE /* BZWelcomeScreen.swift */ = {isa = PBXFileReference; lastKnownFileType = sourcecode.swift; path = BZWelcomeScreen.swift; sourceTree = "<group>"; };
		8B4D2A882415D08C003031DE /* BZGradientLayer.swift */ = {isa = PBXFileReference; lastKnownFileType = sourcecode.swift; path = BZGradientLayer.swift; sourceTree = "<group>"; };
		8B4D2A8B2415D1DA003031DE /* extension.swift */ = {isa = PBXFileReference; lastKnownFileType = sourcecode.swift; path = extension.swift; sourceTree = "<group>"; };
		8B4D2A8D2415D548003031DE /* BZLabel.swift */ = {isa = PBXFileReference; lastKnownFileType = sourcecode.swift; path = BZLabel.swift; sourceTree = "<group>"; };
		8B5771152411D3FF005EA86D /* BeeZConnect.app */ = {isa = PBXFileReference; explicitFileType = wrapper.application; includeInIndex = 0; path = BeeZConnect.app; sourceTree = BUILT_PRODUCTS_DIR; };
		8B5771182411D3FF005EA86D /* AppDelegate.swift */ = {isa = PBXFileReference; lastKnownFileType = sourcecode.swift; path = AppDelegate.swift; sourceTree = "<group>"; };
		8B57711A2411D3FF005EA86D /* SceneDelegate.swift */ = {isa = PBXFileReference; lastKnownFileType = sourcecode.swift; path = SceneDelegate.swift; sourceTree = "<group>"; };
		8B57711F2411D3FF005EA86D /* Base */ = {isa = PBXFileReference; lastKnownFileType = file.storyboard; name = Base; path = Base.lproj/Main.storyboard; sourceTree = "<group>"; };
		8B5771222411D3FF005EA86D /* BeeZConnect.xcdatamodel */ = {isa = PBXFileReference; lastKnownFileType = wrapper.xcdatamodel; path = BeeZConnect.xcdatamodel; sourceTree = "<group>"; };
		8B5771242411D401005EA86D /* Assets.xcassets */ = {isa = PBXFileReference; lastKnownFileType = folder.assetcatalog; path = Assets.xcassets; sourceTree = "<group>"; };
		8B5771272411D401005EA86D /* Base */ = {isa = PBXFileReference; lastKnownFileType = file.storyboard; name = Base; path = Base.lproj/LaunchScreen.storyboard; sourceTree = "<group>"; };
		8B5771292411D401005EA86D /* Info.plist */ = {isa = PBXFileReference; lastKnownFileType = text.plist.xml; path = Info.plist; sourceTree = "<group>"; };
		8B57712F2411E259005EA86D /* ClassfieldsController.swift */ = {isa = PBXFileReference; lastKnownFileType = sourcecode.swift; path = ClassfieldsController.swift; sourceTree = "<group>"; };
		8B6061652411EB3F0055D4EE /* TabBarController.swift */ = {isa = PBXFileReference; lastKnownFileType = sourcecode.swift; path = TabBarController.swift; sourceTree = "<group>"; };
		8B6061672411EDBB0055D4EE /* HomeController.swift */ = {isa = PBXFileReference; lastKnownFileType = sourcecode.swift; path = HomeController.swift; sourceTree = "<group>"; };
		8B6061692411F0AF0055D4EE /* MeController.swift */ = {isa = PBXFileReference; lastKnownFileType = sourcecode.swift; path = MeController.swift; sourceTree = "<group>"; };
		8BB2FB0124130464001CEA00 /* BZBaseCell.swift */ = {isa = PBXFileReference; lastKnownFileType = sourcecode.swift; path = BZBaseCell.swift; sourceTree = "<group>"; };
		8BC7D9FE2412DAC50025D2A5 /* EeventItemsCell.swift */ = {isa = PBXFileReference; lastKnownFileType = sourcecode.swift; path = EeventItemsCell.swift; sourceTree = "<group>"; };
		8BC7DA012412F3BE0025D2A5 /* FeedCell.swift */ = {isa = PBXFileReference; lastKnownFileType = sourcecode.swift; path = FeedCell.swift; sourceTree = "<group>"; };
/* End PBXFileReference section */

/* Begin PBXFrameworksBuildPhase section */
		8B5771122411D3FF005EA86D /* Frameworks */ = {
			isa = PBXFrameworksBuildPhase;
			buildActionMask = 2147483647;
			files = (
			);
			runOnlyForDeploymentPostprocessing = 0;
		};
/* End PBXFrameworksBuildPhase section */

/* Begin PBXGroup section */
		8B0B7E0C241200A000AD8FF9 /* DataModel */ = {
			isa = PBXGroup;
			children = (
				8B0B7E0D241200C300AD8FF9 /* ClassfieldsSections.swift */,
				8B1532C224142E6E00112AEA /* MeSelectiveSection.swift */,
			);
			path = DataModel;
			sourceTree = "<group>";
		};
		8B0B7E0F2412019D00AD8FF9 /* views */ = {
			isa = PBXGroup;
			children = (
				8B4D2A862415D034003031DE /* BZWelcomeScreen.swift */,
				8BC7DA012412F3BE0025D2A5 /* FeedCell.swift */,
				8BC7DA002412F39C0025D2A5 /* Events */,
				8B1BFDDB24134A1C0018F525 /* me */,
			);
			path = views;
			sourceTree = "<group>";
		};
		8B1BFDDB24134A1C0018F525 /* me */ = {
			isa = PBXGroup;
			children = (
				8B1532BE2413F91400112AEA /* MeBarItemsView.swift */,
				8B1532C0241423BF00112AEA /* MeSelectiveItemView.swift */,
				8B1532C52414316A00112AEA /* MeCollectionCell.swift */,
				8B1532C9241453EF00112AEA /* MeFeedCell.swift */,
			);
			path = me;
			sourceTree = "<group>";
		};
		8B4D2A832415CD62003031DE /* font */ = {
			isa = PBXGroup;
			children = (
				8B4D2A842415CE1A003031DE /* Oswald-Regular.ttf */,
			);
			path = font;
			sourceTree = "<group>";
		};
		8B4D2A8A2415D1BA003031DE /* extensions */ = {
			isa = PBXGroup;
			children = (
				8B4D2A8B2415D1DA003031DE /* extension.swift */,
			);
			path = extensions;
			sourceTree = "<group>";
		};
		8B57710C2411D3FF005EA86D = {
			isa = PBXGroup;
			children = (
				8B5771172411D3FF005EA86D /* BeeZConnect */,
				8B5771162411D3FF005EA86D /* Products */,
			);
			sourceTree = "<group>";
		};
		8B5771162411D3FF005EA86D /* Products */ = {
			isa = PBXGroup;
			children = (
				8B5771152411D3FF005EA86D /* BeeZConnect.app */,
			);
			name = Products;
			sourceTree = "<group>";
		};
		8B5771172411D3FF005EA86D /* BeeZConnect */ = {
			isa = PBXGroup;
			children = (
				8B5771182411D3FF005EA86D /* AppDelegate.swift */,
				8B57711A2411D3FF005EA86D /* SceneDelegate.swift */,
				8B6061652411EB3F0055D4EE /* TabBarController.swift */,
				8B4D2A8A2415D1BA003031DE /* extensions */,
				8B4D2A832415CD62003031DE /* font */,
				8BB2FB03241304C1001CEA00 /* custom */,
				8B0B7E0C241200A000AD8FF9 /* DataModel */,
				8B0B7E0F2412019D00AD8FF9 /* views */,
				8B5771312411E675005EA86D /* controllers */,
				8B57711E2411D3FF005EA86D /* Main.storyboard */,
				8B5771242411D401005EA86D /* Assets.xcassets */,
				8B5771262411D401005EA86D /* LaunchScreen.storyboard */,
				8B5771292411D401005EA86D /* Info.plist */,
				8B5771212411D3FF005EA86D /* BeeZConnect.xcdatamodeld */,
			);
			path = BeeZConnect;
			sourceTree = "<group>";
		};
		8B5771312411E675005EA86D /* controllers */ = {
			isa = PBXGroup;
			children = (
				8B57712F2411E259005EA86D /* ClassfieldsController.swift */,
				8B6061672411EDBB0055D4EE /* HomeController.swift */,
				8BE07F442413498A000391A1 /* Me */,
			);
			path = controllers;
			sourceTree = "<group>";
		};
		8BB2FB002413042E001CEA00 /* EventItems */ = {
			isa = PBXGroup;
			children = (
				8B0FCB45241307BB005D862E /* ConcertCell.swift */,
				8B0FCB47241307EB005D862E /* ArtCell.swift */,
				8B0FCB492413081B005D862E /* TheatreCell.swift */,
				8B0FCB4B24130851005D862E /* FamilyEventsCell.swift */,
			);
			path = EventItems;
			sourceTree = "<group>";
		};
		8BB2FB03241304C1001CEA00 /* custom */ = {
			isa = PBXGroup;
			children = (
				8BB2FB0124130464001CEA00 /* BZBaseCell.swift */,
				8B4D2A882415D08C003031DE /* BZGradientLayer.swift */,
				8B4D2A8D2415D548003031DE /* BZLabel.swift */,
			);
			path = custom;
			sourceTree = "<group>";
		};
		8BC7DA002412F39C0025D2A5 /* Events */ = {
			isa = PBXGroup;
			children = (
				8B0B7E10241201C500AD8FF9 /* EventBarItemViews.swift */,
				8BC7D9FE2412DAC50025D2A5 /* EeventItemsCell.swift */,
				8BB2FB002413042E001CEA00 /* EventItems */,
			);
			path = Events;
			sourceTree = "<group>";
		};
		8BE07F442413498A000391A1 /* Me */ = {
			isa = PBXGroup;
			children = (
				8B6061692411F0AF0055D4EE /* MeController.swift */,
			);
			path = Me;
			sourceTree = "<group>";
		};
/* End PBXGroup section */

/* Begin PBXNativeTarget section */
		8B5771142411D3FF005EA86D /* BeeZConnect */ = {
			isa = PBXNativeTarget;
			buildConfigurationList = 8B57712C2411D401005EA86D /* Build configuration list for PBXNativeTarget "BeeZConnect" */;
			buildPhases = (
				8B5771112411D3FF005EA86D /* Sources */,
				8B5771122411D3FF005EA86D /* Frameworks */,
				8B5771132411D3FF005EA86D /* Resources */,
			);
			buildRules = (
			);
			dependencies = (
			);
			name = BeeZConnect;
			productName = BeeZConnect;
			productReference = 8B5771152411D3FF005EA86D /* BeeZConnect.app */;
			productType = "com.apple.product-type.application";
		};
/* End PBXNativeTarget section */

/* Begin PBXProject section */
		8B57710D2411D3FF005EA86D /* Project object */ = {
			isa = PBXProject;
			attributes = {
				LastSwiftUpdateCheck = 1130;
				LastUpgradeCheck = 1130;
				ORGANIZATIONNAME = "Avisa Poshtkouhi";
				TargetAttributes = {
					8B5771142411D3FF005EA86D = {
						CreatedOnToolsVersion = 11.3.1;
					};
				};
			};
			buildConfigurationList = 8B5771102411D3FF005EA86D /* Build configuration list for PBXProject "BeeZConnect" */;
			compatibilityVersion = "Xcode 9.3";
			developmentRegion = en;
			hasScannedForEncodings = 0;
			knownRegions = (
				en,
				Base,
			);
			mainGroup = 8B57710C2411D3FF005EA86D;
			productRefGroup = 8B5771162411D3FF005EA86D /* Products */;
			projectDirPath = "";
			projectRoot = "";
			targets = (
				8B5771142411D3FF005EA86D /* BeeZConnect */,
			);
		};
/* End PBXProject section */

/* Begin PBXResourcesBuildPhase section */
		8B5771132411D3FF005EA86D /* Resources */ = {
			isa = PBXResourcesBuildPhase;
			buildActionMask = 2147483647;
			files = (
				8B5771282411D401005EA86D /* LaunchScreen.storyboard in Resources */,
				8B5771252411D401005EA86D /* Assets.xcassets in Resources */,
				8B5771202411D3FF005EA86D /* Main.storyboard in Resources */,
				8B4D2A852415CE1A003031DE /* Oswald-Regular.ttf in Resources */,
			);
			runOnlyForDeploymentPostprocessing = 0;
		};
/* End PBXResourcesBuildPhase section */

/* Begin PBXSourcesBuildPhase section */
		8B5771112411D3FF005EA86D /* Sources */ = {
			isa = PBXSourcesBuildPhase;
			buildActionMask = 2147483647;
			files = (
				8B5771232411D3FF005EA86D /* BeeZConnect.xcdatamodeld in Sources */,
				8B0FCB48241307EB005D862E /* ArtCell.swift in Sources */,
				8B5771192411D3FF005EA86D /* AppDelegate.swift in Sources */,
				8B60616A2411F0AF0055D4EE /* MeController.swift in Sources */,
				8B1532BF2413F91400112AEA /* MeBarItemsView.swift in Sources */,
				8B0FCB4C24130851005D862E /* FamilyEventsCell.swift in Sources */,
				8B57711B2411D3FF005EA86D /* SceneDelegate.swift in Sources */,
				8B4D2A8E2415D548003031DE /* BZLabel.swift in Sources */,
				8B1532C62414316A00112AEA /* MeCollectionCell.swift in Sources */,
				8B0FCB46241307BB005D862E /* ConcertCell.swift in Sources */,
				8BC7DA022412F3BE0025D2A5 /* FeedCell.swift in Sources */,
				8B0FCB4A2413081B005D862E /* TheatreCell.swift in Sources */,
				8B6061682411EDBB0055D4EE /* HomeController.swift in Sources */,
				8BB2FB0224130464001CEA00 /* BZBaseCell.swift in Sources */,
				8B4D2A892415D08C003031DE /* BZGradientLayer.swift in Sources */,
				8B6061662411EB3F0055D4EE /* TabBarController.swift in Sources */,
				8B4D2A8C2415D1DA003031DE /* extension.swift in Sources */,
				8B1532C324142E6E00112AEA /* MeSelectiveSection.swift in Sources */,
				8B1532CA241453EF00112AEA /* MeFeedCell.swift in Sources */,
				8B5771302411E259005EA86D /* ClassfieldsController.swift in Sources */,
				8B1532C1241423BF00112AEA /* MeSelectiveItemView.swift in Sources */,
				8BC7D9FF2412DAC50025D2A5 /* EeventItemsCell.swift in Sources */,
				8B0B7E11241201C500AD8FF9 /* EventBarItemViews.swift in Sources */,
				8B4D2A872415D034003031DE /* BZWelcomeScreen.swift in Sources */,
				8B0B7E0E241200C300AD8FF9 /* ClassfieldsSections.swift in Sources */,
			);
			runOnlyForDeploymentPostprocessing = 0;
		};
/* End PBXSourcesBuildPhase section */

/* Begin PBXVariantGroup section */
		8B57711E2411D3FF005EA86D /* Main.storyboard */ = {
			isa = PBXVariantGroup;
			children = (
				8B57711F2411D3FF005EA86D /* Base */,
			);
			name = Main.storyboard;
			sourceTree = "<group>";
		};
		8B5771262411D401005EA86D /* LaunchScreen.storyboard */ = {
			isa = PBXVariantGroup;
			children = (
				8B5771272411D401005EA86D /* Base */,
			);
			name = LaunchScreen.storyboard;
			sourceTree = "<group>";
		};
/* End PBXVariantGroup section */

/* Begin XCBuildConfiguration section */
		8B57712A2411D401005EA86D /* Debug */ = {
			isa = XCBuildConfiguration;
			buildSettings = {
				ALWAYS_SEARCH_USER_PATHS = NO;
				CLANG_ANALYZER_NONNULL = YES;
				CLANG_ANALYZER_NUMBER_OBJECT_CONVERSION = YES_AGGRESSIVE;
				CLANG_CXX_LANGUAGE_STANDARD = "gnu++14";
				CLANG_CXX_LIBRARY = "libc++";
				CLANG_ENABLE_MODULES = YES;
				CLANG_ENABLE_OBJC_ARC = YES;
				CLANG_ENABLE_OBJC_WEAK = YES;
				CLANG_WARN_BLOCK_CAPTURE_AUTORELEASING = YES;
				CLANG_WARN_BOOL_CONVERSION = YES;
				CLANG_WARN_COMMA = YES;
				CLANG_WARN_CONSTANT_CONVERSION = YES;
				CLANG_WARN_DEPRECATED_OBJC_IMPLEMENTATIONS = YES;
				CLANG_WARN_DIRECT_OBJC_ISA_USAGE = YES_ERROR;
				CLANG_WARN_DOCUMENTATION_COMMENTS = YES;
				CLANG_WARN_EMPTY_BODY = YES;
				CLANG_WARN_ENUM_CONVERSION = YES;
				CLANG_WARN_INFINITE_RECURSION = YES;
				CLANG_WARN_INT_CONVERSION = YES;
				CLANG_WARN_NON_LITERAL_NULL_CONVERSION = YES;
				CLANG_WARN_OBJC_IMPLICIT_RETAIN_SELF = YES;
				CLANG_WARN_OBJC_LITERAL_CONVERSION = YES;
				CLANG_WARN_OBJC_ROOT_CLASS = YES_ERROR;
				CLANG_WARN_RANGE_LOOP_ANALYSIS = YES;
				CLANG_WARN_STRICT_PROTOTYPES = YES;
				CLANG_WARN_SUSPICIOUS_MOVE = YES;
				CLANG_WARN_UNGUARDED_AVAILABILITY = YES_AGGRESSIVE;
				CLANG_WARN_UNREACHABLE_CODE = YES;
				CLANG_WARN__DUPLICATE_METHOD_MATCH = YES;
				COPY_PHASE_STRIP = NO;
				DEBUG_INFORMATION_FORMAT = dwarf;
				ENABLE_STRICT_OBJC_MSGSEND = YES;
				ENABLE_TESTABILITY = YES;
				GCC_C_LANGUAGE_STANDARD = gnu11;
				GCC_DYNAMIC_NO_PIC = NO;
				GCC_NO_COMMON_BLOCKS = YES;
				GCC_OPTIMIZATION_LEVEL = 0;
				GCC_PREPROCESSOR_DEFINITIONS = (
					"DEBUG=1",
					"$(inherited)",
				);
				GCC_WARN_64_TO_32_BIT_CONVERSION = YES;
				GCC_WARN_ABOUT_RETURN_TYPE = YES_ERROR;
				GCC_WARN_UNDECLARED_SELECTOR = YES;
				GCC_WARN_UNINITIALIZED_AUTOS = YES_AGGRESSIVE;
				GCC_WARN_UNUSED_FUNCTION = YES;
				GCC_WARN_UNUSED_VARIABLE = YES;
				IPHONEOS_DEPLOYMENT_TARGET = 13.2;
				MTL_ENABLE_DEBUG_INFO = INCLUDE_SOURCE;
				MTL_FAST_MATH = YES;
				ONLY_ACTIVE_ARCH = YES;
				SDKROOT = iphoneos;
				SWIFT_ACTIVE_COMPILATION_CONDITIONS = DEBUG;
				SWIFT_OPTIMIZATION_LEVEL = "-Onone";
			};
			name = Debug;
		};
		8B57712B2411D401005EA86D /* Release */ = {
			isa = XCBuildConfiguration;
			buildSettings = {
				ALWAYS_SEARCH_USER_PATHS = NO;
				CLANG_ANALYZER_NONNULL = YES;
				CLANG_ANALYZER_NUMBER_OBJECT_CONVERSION = YES_AGGRESSIVE;
				CLANG_CXX_LANGUAGE_STANDARD = "gnu++14";
				CLANG_CXX_LIBRARY = "libc++";
				CLANG_ENABLE_MODULES = YES;
				CLANG_ENABLE_OBJC_ARC = YES;
				CLANG_ENABLE_OBJC_WEAK = YES;
				CLANG_WARN_BLOCK_CAPTURE_AUTORELEASING = YES;
				CLANG_WARN_BOOL_CONVERSION = YES;
				CLANG_WARN_COMMA = YES;
				CLANG_WARN_CONSTANT_CONVERSION = YES;
				CLANG_WARN_DEPRECATED_OBJC_IMPLEMENTATIONS = YES;
				CLANG_WARN_DIRECT_OBJC_ISA_USAGE = YES_ERROR;
				CLANG_WARN_DOCUMENTATION_COMMENTS = YES;
				CLANG_WARN_EMPTY_BODY = YES;
				CLANG_WARN_ENUM_CONVERSION = YES;
				CLANG_WARN_INFINITE_RECURSION = YES;
				CLANG_WARN_INT_CONVERSION = YES;
				CLANG_WARN_NON_LITERAL_NULL_CONVERSION = YES;
				CLANG_WARN_OBJC_IMPLICIT_RETAIN_SELF = YES;
				CLANG_WARN_OBJC_LITERAL_CONVERSION = YES;
				CLANG_WARN_OBJC_ROOT_CLASS = YES_ERROR;
				CLANG_WARN_RANGE_LOOP_ANALYSIS = YES;
				CLANG_WARN_STRICT_PROTOTYPES = YES;
				CLANG_WARN_SUSPICIOUS_MOVE = YES;
				CLANG_WARN_UNGUARDED_AVAILABILITY = YES_AGGRESSIVE;
				CLANG_WARN_UNREACHABLE_CODE = YES;
				CLANG_WARN__DUPLICATE_METHOD_MATCH = YES;
				COPY_PHASE_STRIP = NO;
				DEBUG_INFORMATION_FORMAT = "dwarf-with-dsym";
				ENABLE_NS_ASSERTIONS = NO;
				ENABLE_STRICT_OBJC_MSGSEND = YES;
				GCC_C_LANGUAGE_STANDARD = gnu11;
				GCC_NO_COMMON_BLOCKS = YES;
				GCC_WARN_64_TO_32_BIT_CONVERSION = YES;
				GCC_WARN_ABOUT_RETURN_TYPE = YES_ERROR;
				GCC_WARN_UNDECLARED_SELECTOR = YES;
				GCC_WARN_UNINITIALIZED_AUTOS = YES_AGGRESSIVE;
				GCC_WARN_UNUSED_FUNCTION = YES;
				GCC_WARN_UNUSED_VARIABLE = YES;
				IPHONEOS_DEPLOYMENT_TARGET = 13.2;
				MTL_ENABLE_DEBUG_INFO = NO;
				MTL_FAST_MATH = YES;
				SDKROOT = iphoneos;
				SWIFT_COMPILATION_MODE = wholemodule;
				SWIFT_OPTIMIZATION_LEVEL = "-O";
				VALIDATE_PRODUCT = YES;
			};
			name = Release;
		};
		8B57712D2411D401005EA86D /* Debug */ = {
			isa = XCBuildConfiguration;
			buildSettings = {
				ASSETCATALOG_COMPILER_APPICON_NAME = AppIcon;
				CODE_SIGN_STYLE = Automatic;
				DEVELOPMENT_TEAM = KPS76U7566;
				INFOPLIST_FILE = BeeZConnect/Info.plist;
				LD_RUNPATH_SEARCH_PATHS = (
					"$(inherited)",
					"@executable_path/Frameworks",
				);
				PRODUCT_BUNDLE_IDENTIFIER = com.AvisaPoshtkouhi.BeeZConnect;
				PRODUCT_NAME = "$(TARGET_NAME)";
				SWIFT_VERSION = 5.0;
				TARGETED_DEVICE_FAMILY = "1,2";
			};
			name = Debug;
		};
		8B57712E2411D401005EA86D /* Release */ = {
			isa = XCBuildConfiguration;
			buildSettings = {
				ASSETCATALOG_COMPILER_APPICON_NAME = AppIcon;
				CODE_SIGN_STYLE = Automatic;
				DEVELOPMENT_TEAM = KPS76U7566;
				INFOPLIST_FILE = BeeZConnect/Info.plist;
				LD_RUNPATH_SEARCH_PATHS = (
					"$(inherited)",
					"@executable_path/Frameworks",
				);
				PRODUCT_BUNDLE_IDENTIFIER = com.AvisaPoshtkouhi.BeeZConnect;
				PRODUCT_NAME = "$(TARGET_NAME)";
				SWIFT_VERSION = 5.0;
				TARGETED_DEVICE_FAMILY = "1,2";
			};
			name = Release;
		};
/* End XCBuildConfiguration section */

/* Begin XCConfigurationList section */
		8B5771102411D3FF005EA86D /* Build configuration list for PBXProject "BeeZConnect" */ = {
			isa = XCConfigurationList;
			buildConfigurations = (
				8B57712A2411D401005EA86D /* Debug */,
				8B57712B2411D401005EA86D /* Release */,
			);
			defaultConfigurationIsVisible = 0;
			defaultConfigurationName = Release;
		};
		8B57712C2411D401005EA86D /* Build configuration list for PBXNativeTarget "BeeZConnect" */ = {
			isa = XCConfigurationList;
			buildConfigurations = (
				8B57712D2411D401005EA86D /* Debug */,
				8B57712E2411D401005EA86D /* Release */,
			);
			defaultConfigurationIsVisible = 0;
			defaultConfigurationName = Release;
		};
/* End XCConfigurationList section */

/* Begin XCVersionGroup section */
		8B5771212411D3FF005EA86D /* BeeZConnect.xcdatamodeld */ = {
			isa = XCVersionGroup;
			children = (
				8B5771222411D3FF005EA86D /* BeeZConnect.xcdatamodel */,
			);
			currentVersion = 8B5771222411D3FF005EA86D /* BeeZConnect.xcdatamodel */;
			path = BeeZConnect.xcdatamodeld;
			sourceTree = "<group>";
			versionGroupType = wrapper.xcdatamodel;
		};
/* End XCVersionGroup section */
	};
	rootObject = 8B57710D2411D3FF005EA86D /* Project object */;
}
